schema: '2.0'
stages:
  stage_01:
    cmd: python stage_01.py
    deps:
    - path: stage_01.py
      hash: md5
      md5: e1138edcf48ec376b0e6c2a8d824e2fd
      size: 87
    outs:
    - path: artifact.txt
      hash: md5
      md5: 0a32c60192ac2d937a1db838cf16cb14
      size: 34
  stage_02:
    cmd: python stage_02.py
    deps:
    - path: artifact.txt
      hash: md5
      md5: 0a32c60192ac2d937a1db838cf16cb14
      size: 34
    - path: stage_02.py
      hash: md5
      md5: 3d41f7969397902e6ec6f9516d323f68
      size: 135
  stage_03:
    cmd: python stage_03.py
    deps:
    - path: artifact.txt
      hash: md5
      md5: 96427d6697ab45190ea009d5e110ba35
      size: 54
    - path: stage_03.py
      hash: md5
      md5: 1c9a84e2d4ec130001e575aa67ec4fff
      size: 183
